{
  "version": 4,
  "terraform_version": "1.9.5",
  "serial": 84,
  "lineage": "43baa100-fb61-45dd-88e8-69209036dc57",
  "outputs": {},
  "resources": [
    {
      "mode": "managed",
      "type": "null_resource",
      "name": "generate_inventory",
      "provider": "provider[\"registry.terraform.io/hashicorp/null\"]",
      "instances": [
        {
          "schema_version": 0,
          "attributes": {
            "id": "1745441230292118605",
            "triggers": null
          },
          "sensitive_attributes": [],
          "dependencies": [
            "yandex_compute_instance.k8s_master",
            "yandex_compute_instance.k8s_node",
            "yandex_compute_instance.srv",
            "yandex_vpc_network.default",
            "yandex_vpc_subnet.default"
          ]
        }
      ]
    },
    {
      "mode": "managed",
      "type": "yandex_compute_instance",
      "name": "k8s_master",
      "provider": "provider[\"registry.terraform.io/yandex-cloud/yandex\"]",
      "instances": [
        {
          "schema_version": 1,
          "attributes": {
            "allow_recreate": null,
            "allow_stopping_for_update": null,
            "boot_disk": [
              {
                "auto_delete": true,
                "device_name": "fhm5em813geiihbfod4q",
                "disk_id": "fhm5em813geiihbfod4q",
                "initialize_params": [
                  {
                    "block_size": 4096,
                    "description": "",
                    "image_id": "fd87c0qpl9prjv5up7mc",
                    "name": "",
                    "size": 40,
                    "snapshot_id": "",
                    "type": "network-hdd"
                  }
                ],
                "mode": "READ_WRITE"
              }
            ],
            "created_at": "2024-08-27T02:46:58Z",
            "description": "",
            "filesystem": [],
            "folder_id": "b1gpfu97n5irqql8p7ft",
            "fqdn": "fhmkflgv3mu58attofur.auto.internal",
            "gpu_cluster_id": "",
            "hostname": "",
            "id": "fhmkflgv3mu58attofur",
            "labels": null,
            "local_disk": [],
            "maintenance_grace_period": "",
            "maintenance_policy": null,
            "metadata": {
              "ssh-keys": "ubuntu:ssh-rsa AAAAB3NzaC1yc2EAAAADAQABAAACAQChXPeOBh6YSU0qtt4ColPx8NRk1xlE4fvLf8jEz6nBTlKmTJXIykl89eu/0djCRuGDOdBcPmHb7xN1Bnrs6H9pOdYVrvSr/3zqIk8bSdbr5LePLZuv2WiQz6km2fKWHq2g06PoRwbhgg/vpJj5CrFzQR3x+mM9S0zpggz8H5iVzEMV/gsKEPBEtP8A4OaOMQ95Gp7yOrpNKNBxv9zz5f9GZqR1k8cxuUHfc9jJJrk2XHmY/QshvE19CDp/ke7bj9EuoWOl/NtfVS+bgSMyCrGV5ujNi/e9FeBUvyA0vQENsw95xPIXciTc1A24nDfeEC9GdkVIpx1IQEWWPnCzX688rKzMmneHnOi9uzKmT25PYo5BSRdY29keQX7BzEhvq3OEaAr4LL7rYp3rH2hlbtjFS5qp4W3DereSAJOaO44p3q2hfz9JfQJRMO+j8q3swgVO45vzvOxgjDe3/i4Suxb3POdw3cXuwXkl1MK+QrlZ8mEa7qDvmdxNGrlrtGMNZYT97CK669l7IZZT0wf+75UrEzo9W7ZkL0A0e3u1are1rmjsDEn/+nnuba/+6cO0LMcYzo5rFxfvFli1SAJgjs19Z5KAKdPGpVeBNhYEcOZ7f9RjPcCJt7s7QgJlihj2GW+qIEK8DHqaGBOAWB49nB+gy9221Go4mfR4o99ZrcYG8w== \n"
            },
            "metadata_options": [
              {
                "aws_v1_http_endpoint": 1,
                "aws_v1_http_token": 2,
                "gce_http_endpoint": 1,
                "gce_http_token": 1
              }
            ],
            "name": "k8s-master",
            "network_acceleration_type": "standard",
            "network_interface": [
              {
                "dns_record": [],
                "index": 0,
                "ip_address": "10.0.0.31",
                "ipv4": true,
                "ipv6": false,
                "ipv6_address": "",
                "ipv6_dns_record": [],
                "mac_address": "d0:0d:14:7d:61:f1",
                "nat": true,
                "nat_dns_record": [],
                "nat_ip_address": "84.201.129.186",
                "nat_ip_version": "IPV4",
                "security_group_ids": [],
                "subnet_id": "e9b95vobsf03e1c2md4a"
              }
            ],
            "placement_policy": [
              {
                "host_affinity_rules": [],
                "placement_group_id": "",
                "placement_group_partition": 0
              }
            ],
            "platform_id": "standard-v1",
            "resources": [
              {
                "core_fraction": 100,
                "cores": 2,
                "gpus": 0,
                "memory": 8
              }
            ],
            "scheduling_policy": [
              {
                "preemptible": false
              }
            ],
            "secondary_disk": [],
            "service_account_id": "",
            "status": "running",
            "timeouts": null,
            "zone": "ru-central1-a"
          },
          "sensitive_attributes": [],
          "private": "eyJlMmJmYjczMC1lY2FhLTExZTYtOGY4OC0zNDM2M2JjN2M0YzAiOnsiY3JlYXRlIjozMDAwMDAwMDAwMDAsImRlbGV0ZSI6MzAwMDAwMDAwMDAwLCJ1cGRhdGUiOjMwMDAwMDAwMDAwMH0sInNjaGVtYV92ZXJzaW9uIjoiMSJ9",
          "dependencies": [
            "yandex_vpc_network.default",
            "yandex_vpc_subnet.default"
          ]
        }
      ]
    },
    {
      "mode": "managed",
      "type": "yandex_compute_instance",
      "name": "k8s_node",
      "provider": "provider[\"registry.terraform.io/yandex-cloud/yandex\"]",
      "instances": [
        {
          "schema_version": 1,
          "attributes": {
            "allow_recreate": null,
            "allow_stopping_for_update": null,
            "boot_disk": [
              {
                "auto_delete": true,
                "device_name": "fhmu4l0uua6a4kgt7g73",
                "disk_id": "fhmu4l0uua6a4kgt7g73",
                "initialize_params": [
                  {
                    "block_size": 4096,
                    "description": "",
                    "image_id": "fd87c0qpl9prjv5up7mc",
                    "name": "",
                    "size": 40,
                    "snapshot_id": "",
                    "type": "network-hdd"
                  }
                ],
                "mode": "READ_WRITE"
              }
            ],
            "created_at": "2024-08-27T02:46:58Z",
            "description": "",
            "filesystem": [],
            "folder_id": "b1gpfu97n5irqql8p7ft",
            "fqdn": "fhm06g1v1npu043ch8sm.auto.internal",
            "gpu_cluster_id": "",
            "hostname": "",
            "id": "fhm06g1v1npu043ch8sm",
            "labels": null,
            "local_disk": [],
            "maintenance_grace_period": "",
            "maintenance_policy": null,
            "metadata": {
              "ssh-keys": "ubuntu:ssh-rsa AAAAB3NzaC1yc2EAAAADAQABAAACAQChXPeOBh6YSU0qtt4ColPx8NRk1xlE4fvLf8jEz6nBTlKmTJXIykl89eu/0djCRuGDOdBcPmHb7xN1Bnrs6H9pOdYVrvSr/3zqIk8bSdbr5LePLZuv2WiQz6km2fKWHq2g06PoRwbhgg/vpJj5CrFzQR3x+mM9S0zpggz8H5iVzEMV/gsKEPBEtP8A4OaOMQ95Gp7yOrpNKNBxv9zz5f9GZqR1k8cxuUHfc9jJJrk2XHmY/QshvE19CDp/ke7bj9EuoWOl/NtfVS+bgSMyCrGV5ujNi/e9FeBUvyA0vQENsw95xPIXciTc1A24nDfeEC9GdkVIpx1IQEWWPnCzX688rKzMmneHnOi9uzKmT25PYo5BSRdY29keQX7BzEhvq3OEaAr4LL7rYp3rH2hlbtjFS5qp4W3DereSAJOaO44p3q2hfz9JfQJRMO+j8q3swgVO45vzvOxgjDe3/i4Suxb3POdw3cXuwXkl1MK+QrlZ8mEa7qDvmdxNGrlrtGMNZYT97CK669l7IZZT0wf+75UrEzo9W7ZkL0A0e3u1are1rmjsDEn/+nnuba/+6cO0LMcYzo5rFxfvFli1SAJgjs19Z5KAKdPGpVeBNhYEcOZ7f9RjPcCJt7s7QgJlihj2GW+qIEK8DHqaGBOAWB49nB+gy9221Go4mfR4o99ZrcYG8w== \n"
            },
            "metadata_options": [
              {
                "aws_v1_http_endpoint": 1,
                "aws_v1_http_token": 2,
                "gce_http_endpoint": 1,
                "gce_http_token": 1
              }
            ],
            "name": "k8s-node",
            "network_acceleration_type": "standard",
            "network_interface": [
              {
                "dns_record": [],
                "index": 0,
                "ip_address": "10.0.0.21",
                "ipv4": true,
                "ipv6": false,
                "ipv6_address": "",
                "ipv6_dns_record": [],
                "mac_address": "d0:0d:34:03:f0:df",
                "nat": true,
                "nat_dns_record": [],
                "nat_ip_address": "51.250.68.34",
                "nat_ip_version": "IPV4",
                "security_group_ids": [],
                "subnet_id": "e9b95vobsf03e1c2md4a"
              }
            ],
            "placement_policy": [
              {
                "host_affinity_rules": [],
                "placement_group_id": "",
                "placement_group_partition": 0
              }
            ],
            "platform_id": "standard-v1",
            "resources": [
              {
                "core_fraction": 100,
                "cores": 2,
                "gpus": 0,
                "memory": 8
              }
            ],
            "scheduling_policy": [
              {
                "preemptible": false
              }
            ],
            "secondary_disk": [],
            "service_account_id": "",
            "status": "running",
            "timeouts": null,
            "zone": "ru-central1-a"
          },
          "sensitive_attributes": [],
          "private": "eyJlMmJmYjczMC1lY2FhLTExZTYtOGY4OC0zNDM2M2JjN2M0YzAiOnsiY3JlYXRlIjozMDAwMDAwMDAwMDAsImRlbGV0ZSI6MzAwMDAwMDAwMDAwLCJ1cGRhdGUiOjMwMDAwMDAwMDAwMH0sInNjaGVtYV92ZXJzaW9uIjoiMSJ9",
          "dependencies": [
            "yandex_vpc_network.default",
            "yandex_vpc_subnet.default"
          ]
        }
      ]
    },
    {
      "mode": "managed",
      "type": "yandex_compute_instance",
      "name": "srv",
      "provider": "provider[\"registry.terraform.io/yandex-cloud/yandex\"]",
      "instances": [
        {
          "schema_version": 1,
          "attributes": {
            "allow_recreate": null,
            "allow_stopping_for_update": null,
            "boot_disk": [
              {
                "auto_delete": true,
                "device_name": "fhm4bchhib4123p4usdr",
                "disk_id": "fhm4bchhib4123p4usdr",
                "initialize_params": [
                  {
                    "block_size": 4096,
                    "description": "",
                    "image_id": "fd87c0qpl9prjv5up7mc",
                    "name": "",
                    "size": 60,
                    "snapshot_id": "",
                    "type": "network-hdd"
                  }
                ],
                "mode": "READ_WRITE"
              }
            ],
            "created_at": "2024-08-27T02:46:58Z",
            "description": "",
            "filesystem": [],
            "folder_id": "b1gpfu97n5irqql8p7ft",
            "fqdn": "fhmoo8pu0hg9u7er5daj.auto.internal",
            "gpu_cluster_id": "",
            "hostname": "",
            "id": "fhmoo8pu0hg9u7er5daj",
            "labels": null,
            "local_disk": [],
            "maintenance_grace_period": "",
            "maintenance_policy": null,
            "metadata": {
              "ssh-keys": "ubuntu:ssh-rsa AAAAB3NzaC1yc2EAAAADAQABAAACAQChXPeOBh6YSU0qtt4ColPx8NRk1xlE4fvLf8jEz6nBTlKmTJXIykl89eu/0djCRuGDOdBcPmHb7xN1Bnrs6H9pOdYVrvSr/3zqIk8bSdbr5LePLZuv2WiQz6km2fKWHq2g06PoRwbhgg/vpJj5CrFzQR3x+mM9S0zpggz8H5iVzEMV/gsKEPBEtP8A4OaOMQ95Gp7yOrpNKNBxv9zz5f9GZqR1k8cxuUHfc9jJJrk2XHmY/QshvE19CDp/ke7bj9EuoWOl/NtfVS+bgSMyCrGV5ujNi/e9FeBUvyA0vQENsw95xPIXciTc1A24nDfeEC9GdkVIpx1IQEWWPnCzX688rKzMmneHnOi9uzKmT25PYo5BSRdY29keQX7BzEhvq3OEaAr4LL7rYp3rH2hlbtjFS5qp4W3DereSAJOaO44p3q2hfz9JfQJRMO+j8q3swgVO45vzvOxgjDe3/i4Suxb3POdw3cXuwXkl1MK+QrlZ8mEa7qDvmdxNGrlrtGMNZYT97CK669l7IZZT0wf+75UrEzo9W7ZkL0A0e3u1are1rmjsDEn/+nnuba/+6cO0LMcYzo5rFxfvFli1SAJgjs19Z5KAKdPGpVeBNhYEcOZ7f9RjPcCJt7s7QgJlihj2GW+qIEK8DHqaGBOAWB49nB+gy9221Go4mfR4o99ZrcYG8w== \n"
            },
            "metadata_options": [
              {
                "aws_v1_http_endpoint": 1,
                "aws_v1_http_token": 2,
                "gce_http_endpoint": 1,
                "gce_http_token": 1
              }
            ],
            "name": "srv",
            "network_acceleration_type": "standard",
            "network_interface": [
              {
                "dns_record": [],
                "index": 0,
                "ip_address": "10.0.0.17",
                "ipv4": true,
                "ipv6": false,
                "ipv6_address": "",
                "ipv6_dns_record": [],
                "mac_address": "d0:0d:18:c2:33:e0",
                "nat": true,
                "nat_dns_record": [],
                "nat_ip_address": "89.169.146.244",
                "nat_ip_version": "IPV4",
                "security_group_ids": [],
                "subnet_id": "e9b95vobsf03e1c2md4a"
              }
            ],
            "placement_policy": [
              {
                "host_affinity_rules": [],
                "placement_group_id": "",
                "placement_group_partition": 0
              }
            ],
            "platform_id": "standard-v1",
            "resources": [
              {
                "core_fraction": 100,
                "cores": 4,
                "gpus": 0,
                "memory": 16
              }
            ],
            "scheduling_policy": [
              {
                "preemptible": false
              }
            ],
            "secondary_disk": [],
            "service_account_id": "",
            "status": "running",
            "timeouts": null,
            "zone": "ru-central1-a"
          },
          "sensitive_attributes": [],
          "private": "eyJlMmJmYjczMC1lY2FhLTExZTYtOGY4OC0zNDM2M2JjN2M0YzAiOnsiY3JlYXRlIjozMDAwMDAwMDAwMDAsImRlbGV0ZSI6MzAwMDAwMDAwMDAwLCJ1cGRhdGUiOjMwMDAwMDAwMDAwMH0sInNjaGVtYV92ZXJzaW9uIjoiMSJ9",
          "dependencies": [
            "yandex_vpc_network.default",
            "yandex_vpc_subnet.default"
          ]
        }
      ]
    },
    {
      "mode": "managed",
      "type": "yandex_vpc_network",
      "name": "default",
      "provider": "provider[\"registry.terraform.io/yandex-cloud/yandex\"]",
      "instances": [
        {
          "schema_version": 0,
          "attributes": {
            "created_at": "2024-08-27T02:46:54Z",
            "default_security_group_id": "enp8moknu8qd8ao33lml",
            "description": "",
            "folder_id": "b1gpfu97n5irqql8p7ft",
            "id": "enp1qdr8e4rtr7hlbvlm",
            "labels": {},
            "name": "default-network",
            "subnet_ids": [],
            "timeouts": null
          },
          "sensitive_attributes": [],
          "private": "eyJlMmJmYjczMC1lY2FhLTExZTYtOGY4OC0zNDM2M2JjN2M0YzAiOnsiY3JlYXRlIjo2MDAwMDAwMDAwMCwiZGVsZXRlIjo2MDAwMDAwMDAwMCwidXBkYXRlIjo2MDAwMDAwMDAwMH19"
        }
      ]
    },
    {
      "mode": "managed",
      "type": "yandex_vpc_subnet",
      "name": "default",
      "provider": "provider[\"registry.terraform.io/yandex-cloud/yandex\"]",
      "instances": [
        {
          "schema_version": 0,
          "attributes": {
            "created_at": "2024-08-27T02:46:56Z",
            "description": "",
            "dhcp_options": [],
            "folder_id": "b1gpfu97n5irqql8p7ft",
            "id": "e9b95vobsf03e1c2md4a",
            "labels": {},
            "name": "default-subnet",
            "network_id": "enp1qdr8e4rtr7hlbvlm",
            "route_table_id": "",
            "timeouts": null,
            "v4_cidr_blocks": [
              "10.0.0.0/16"
            ],
            "v6_cidr_blocks": [],
            "zone": "ru-central1-a"
          },
          "sensitive_attributes": [],
          "private": "eyJlMmJmYjczMC1lY2FhLTExZTYtOGY4OC0zNDM2M2JjN2M0YzAiOnsiY3JlYXRlIjoxODAwMDAwMDAwMDAsImRlbGV0ZSI6MTgwMDAwMDAwMDAwLCJ1cGRhdGUiOjE4MDAwMDAwMDAwMH19",
          "dependencies": [
            "yandex_vpc_network.default"
          ]
        }
      ]
    }
  ],
  "check_results": null
}
